{
  "version": 4,
  "terraform_version": "0.13.5",
  "serial": 38,
  "lineage": "97e333cb-deef-59d7-7d1d-6a7801342a22",
  "outputs": {},
  "resources": [
    {
      "module": "module.evc_s3",
      "mode": "managed",
      "type": "aws_s3_bucket",
      "name": "easyvaluecheck_net",
      "provider": "provider[\"registry.terraform.io/hashicorp/aws\"]",
      "instances": [
        {
          "schema_version": 0,
          "attributes": {
            "acceleration_status": "",
            "acl": "private",
            "arn": "arn:aws:s3:::easyvaluecheck.net",
            "bucket": "easyvaluecheck.net",
            "bucket_domain_name": "easyvaluecheck.net.s3.amazonaws.com",
            "bucket_prefix": null,
            "bucket_regional_domain_name": "easyvaluecheck.net.s3.us-west-2.amazonaws.com",
            "cors_rule": [],
            "force_destroy": false,
            "grant": [],
            "hosted_zone_id": "Z3BJ6K6RIION7M",
            "id": "easyvaluecheck.net",
            "lifecycle_rule": [],
            "logging": [],
            "object_lock_configuration": [],
            "policy": null,
            "region": "us-west-2",
            "replication_configuration": [],
            "request_payer": "BucketOwner",
            "server_side_encryption_configuration": [],
            "tags": {},
            "versioning": [
              {
                "enabled": false,
                "mfa_delete": false
              }
            ],
            "website": [
              {
                "error_document": "",
                "index_document": "",
                "redirect_all_requests_to": "easyvaluecheck.com",
                "routing_rules": ""
              }
            ],
            "website_domain": "s3-website-us-west-2.amazonaws.com",
            "website_endpoint": "easyvaluecheck.net.s3-website-us-west-2.amazonaws.com"
          },
          "private": "bnVsbA=="
        }
      ]
    },
    {
      "module": "module.evc_s3",
      "mode": "managed",
      "type": "aws_s3_bucket",
      "name": "evc_web",
      "provider": "provider[\"registry.terraform.io/hashicorp/aws\"]",
      "instances": [
        {
          "status": "tainted",
          "schema_version": 0,
          "attributes": {
            "acceleration_status": "",
            "acl": "private",
            "arn": "arn:aws:s3:::evc-web",
            "bucket": "evc-web",
            "bucket_domain_name": "evc-web.s3.amazonaws.com",
            "bucket_prefix": null,
            "bucket_regional_domain_name": "evc-web.s3.us-west-2.amazonaws.com",
            "cors_rule": [],
            "force_destroy": false,
            "grant": [],
            "hosted_zone_id": "Z3BJ6K6RIION7M",
            "id": "evc-web",
            "lifecycle_rule": [],
            "logging": [],
            "object_lock_configuration": [],
            "policy": "{\"Statement\":[{\"Action\":\"s3:GetObject\",\"Effect\":\"Allow\",\"Principal\":{\"AWS\":\"*\"},\"Resource\":\"arn:aws:s3:::evc-web/*\",\"Sid\":\"1\"},{\"Action\":\"s3:ListBucket\",\"Effect\":\"Allow\",\"Principal\":{\"AWS\":\"*\"},\"Resource\":\"arn:aws:s3:::evc-web\",\"Sid\":\"2\"}],\"Version\":\"2012-10-17\"}",
            "region": "us-west-2",
            "replication_configuration": [],
            "request_payer": "BucketOwner",
            "server_side_encryption_configuration": [],
            "tags": null,
            "versioning": [
              {
                "enabled": false,
                "mfa_delete": false
              }
            ],
            "website": [
              {
                "error_document": "",
                "index_document": "index.html",
                "redirect_all_requests_to": "",
                "routing_rules": "[{\"Condition\":{\"HttpErrorCodeReturnedEquals\":\"404\"},\"Redirect\":{\"HostName\":\"easyvaluecheck.com\",\"ReplaceKeyWith\":\"\"}}]"
              }
            ],
            "website_domain": "s3-website-us-west-2.amazonaws.com",
            "website_endpoint": "evc-web.s3-website-us-west-2.amazonaws.com"
          },
          "private": "bnVsbA=="
        }
      ]
    }
  ]
}
